
Microsoft Visual Studio Solution File, Format Version 12.00
# Visual Studio Version 17
VisualStudioVersion = 17.3.32929.385
MinimumVisualStudioVersion = 10.0.40219.1
Project("{FAE04EC0-301F-11D3-BF4B-00C04F79EFBC}") = "Lab2", "Lab2\Lab2.csproj", "{E7DEBCAE-09A9-4404-B77A-7B269D3660A6}"
EndProject
Global
	GlobalSection(SolutionConfigurationPlatforms) = preSolution
		Debug|Any CPU = Debug|Any CPU
		Release|Any CPU = Release|Any CPU
	EndGlobalSection
	GlobalSection(ProjectConfigurationPlatforms) = postSolution
		{E7DEBCAE-09A9-4404-B77A-7B269D3660A6}.Debug|Any CPU.ActiveCfg = Debug|Any CPU
		{E7DEBCAE-09A9-4404-B77A-7B269D3660A6}.Debug|Any CPU.Build.0 = Debug|Any CPU
		{E7DEBCAE-09A9-4404-B77A-7B269D3660A6}.Release|Any CPU.ActiveCfg = Release|Any CPU
		{E7DEBCAE-09A9-4404-B77A-7B269D3660A6}.Release|Any CPU.Build.0 = Release|Any CPU
	EndGlobalSection
	GlobalSection(SolutionProperties) = preSolution
		HideSolutionNode = FALSE
	EndGlobalSection
	GlobalSection(ExtensibilityGlobals) = postSolution
		SolutionGuid = {10F890CE-4708-41E6-873F-74FF1911BB16}
	EndGlobalSection
EndGlobal
